
Microsoft Visual Studio Solution File, Format Version 12.00
# Visual Studio Version 17
VisualStudioVersion = 17.6.33723.286
MinimumVisualStudioVersion = 10.0.40219.1
Project("{2150E333-8FDC-42A3-9474-1A3956D46DE8}") = "Services", "Services", "{BDD63B0C-41F9-4680-8FAE-1CF7CD78CB8A}"
EndProject
Project("{2150E333-8FDC-42A3-9474-1A3956D46DE8}") = "Catalog", "Catalog", "{E072536D-2846-46A7-B6AB-41481F68AFCB}"
EndProject
Project("{9A19103F-16F7-4668-BE54-9A1E7A4F7556}") = "Catalog.API", "Services\Catalog\Catalog.API\Catalog.API.csproj", "{D4F6051C-9C27-4D21-96E5-DFA46FE9C4BE}"
EndProject
Project("{E53339B2-1760-4266-BCC7-CA923CBCF16C}") = "docker-compose", "docker-compose.dcproj", "{DD853BC4-FE80-4AC9-BD97-E0A9D2B1BD32}"
EndProject
Project("{2150E333-8FDC-42A3-9474-1A3956D46DE8}") = "Basket", "Basket", "{17DEE5D7-35EB-4B0A-8CB6-4FD7A13ACDD1}"
EndProject
Project("{9A19103F-16F7-4668-BE54-9A1E7A4F7556}") = "Basket.API", "Services\Basket\Basket.API\Basket.API.csproj", "{72885235-AD47-4D05-8375-6BBD5CBB6D8C}"
EndProject
Project("{2150E333-8FDC-42A3-9474-1A3956D46DE8}") = "Discount", "Discount", "{1282A04D-D0CD-477D-B6FA-1533A88C2590}"
EndProject
Project("{9A19103F-16F7-4668-BE54-9A1E7A4F7556}") = "Discount.API", "Services\Discount\Discount.API\Discount.API.csproj", "{E7A03213-7388-48F6-AB9F-6455026B4887}"
EndProject
Project("{9A19103F-16F7-4668-BE54-9A1E7A4F7556}") = "Discount.Grpc", "Services\Discount\Discount.Grpc\Discount.Grpc.csproj", "{C3D4B9D3-6763-4D4B-88E4-E69E82D6829A}"
EndProject
Project("{2150E333-8FDC-42A3-9474-1A3956D46DE8}") = "Ordering", "Ordering", "{3A2E91B1-96B2-4068-9BA8-2C6D29E7EF9B}"
EndProject
Project("{9A19103F-16F7-4668-BE54-9A1E7A4F7556}") = "Ordering.API", "Services\Ordering\Ordering.API\Ordering.API.csproj", "{D24F1D4E-D15C-47F7-8020-42E4FB500C90}"
EndProject
Project("{9A19103F-16F7-4668-BE54-9A1E7A4F7556}") = "Ordering.Domain", "Services\Ordering\Ordering.Domain\Ordering.Domain.csproj", "{83E0E9EF-6853-4B41-9774-74E0273E44A1}"
EndProject
Project("{9A19103F-16F7-4668-BE54-9A1E7A4F7556}") = "Ordering.Application", "Services\Ordering\Ordering.Application\Ordering.Application.csproj", "{48672CF3-4465-4E4C-82D7-4E8BEC99512C}"
EndProject
Project("{9A19103F-16F7-4668-BE54-9A1E7A4F7556}") = "Ordering.Infrastructure", "Services\Ordering\Ordering.Infrastructure\Ordering.Infrastructure.csproj", "{0468B2D8-88BA-44D9-B908-AA38F9E59F91}"
EndProject
Project("{2150E333-8FDC-42A3-9474-1A3956D46DE8}") = "BuildingBlocks", "BuildingBlocks", "{3DEE6D95-CDFB-43C6-B9BA-A39EDA1B3E40}"
EndProject
Project("{9A19103F-16F7-4668-BE54-9A1E7A4F7556}") = "EventBus.Messages", "BuildingBlocks\EventBus.Messages\EventBus.Messages.csproj", "{D9BAFA5B-CBC5-417D-A59D-6C8342296282}"
EndProject
Project("{2150E333-8FDC-42A3-9474-1A3956D46DE8}") = "ApiGateways", "ApiGateways", "{4421E42A-B87E-434E-BAEE-A30C622CD2B7}"
EndProject
Project("{9A19103F-16F7-4668-BE54-9A1E7A4F7556}") = "OcelotApiGw", "ApiGateways\OcelotApiGw\OcelotApiGw.csproj", "{7726B370-5A7E-4D70-BB93-2E4E17BF0732}"
EndProject
Project("{FAE04EC0-301F-11D3-BF4B-00C04F79EFBC}") = "Shopping.Aggregator", "ApiGateways\Shopping.Aggregator\Shopping.Aggregator.csproj", "{2F24D255-5FD4-4E04-BE72-35CD6E0E1F29}"
EndProject
Global
	GlobalSection(SolutionConfigurationPlatforms) = preSolution
		Debug|Any CPU = Debug|Any CPU
		Release|Any CPU = Release|Any CPU
	EndGlobalSection
	GlobalSection(ProjectConfigurationPlatforms) = postSolution
		{D4F6051C-9C27-4D21-96E5-DFA46FE9C4BE}.Debug|Any CPU.ActiveCfg = Debug|Any CPU
		{D4F6051C-9C27-4D21-96E5-DFA46FE9C4BE}.Debug|Any CPU.Build.0 = Debug|Any CPU
		{D4F6051C-9C27-4D21-96E5-DFA46FE9C4BE}.Release|Any CPU.ActiveCfg = Release|Any CPU
		{D4F6051C-9C27-4D21-96E5-DFA46FE9C4BE}.Release|Any CPU.Build.0 = Release|Any CPU
		{DD853BC4-FE80-4AC9-BD97-E0A9D2B1BD32}.Debug|Any CPU.ActiveCfg = Debug|Any CPU
		{DD853BC4-FE80-4AC9-BD97-E0A9D2B1BD32}.Debug|Any CPU.Build.0 = Debug|Any CPU
		{DD853BC4-FE80-4AC9-BD97-E0A9D2B1BD32}.Release|Any CPU.ActiveCfg = Release|Any CPU
		{DD853BC4-FE80-4AC9-BD97-E0A9D2B1BD32}.Release|Any CPU.Build.0 = Release|Any CPU
		{72885235-AD47-4D05-8375-6BBD5CBB6D8C}.Debug|Any CPU.ActiveCfg = Debug|Any CPU
		{72885235-AD47-4D05-8375-6BBD5CBB6D8C}.Debug|Any CPU.Build.0 = Debug|Any CPU
		{72885235-AD47-4D05-8375-6BBD5CBB6D8C}.Release|Any CPU.ActiveCfg = Release|Any CPU
		{72885235-AD47-4D05-8375-6BBD5CBB6D8C}.Release|Any CPU.Build.0 = Release|Any CPU
		{E7A03213-7388-48F6-AB9F-6455026B4887}.Debug|Any CPU.ActiveCfg = Debug|Any CPU
		{E7A03213-7388-48F6-AB9F-6455026B4887}.Debug|Any CPU.Build.0 = Debug|Any CPU
		{E7A03213-7388-48F6-AB9F-6455026B4887}.Release|Any CPU.ActiveCfg = Release|Any CPU
		{E7A03213-7388-48F6-AB9F-6455026B4887}.Release|Any CPU.Build.0 = Release|Any CPU
		{C3D4B9D3-6763-4D4B-88E4-E69E82D6829A}.Debug|Any CPU.ActiveCfg = Debug|Any CPU
		{C3D4B9D3-6763-4D4B-88E4-E69E82D6829A}.Debug|Any CPU.Build.0 = Debug|Any CPU
		{C3D4B9D3-6763-4D4B-88E4-E69E82D6829A}.Release|Any CPU.ActiveCfg = Release|Any CPU
		{C3D4B9D3-6763-4D4B-88E4-E69E82D6829A}.Release|Any CPU.Build.0 = Release|Any CPU
		{D24F1D4E-D15C-47F7-8020-42E4FB500C90}.Debug|Any CPU.ActiveCfg = Debug|Any CPU
		{D24F1D4E-D15C-47F7-8020-42E4FB500C90}.Debug|Any CPU.Build.0 = Debug|Any CPU
		{D24F1D4E-D15C-47F7-8020-42E4FB500C90}.Release|Any CPU.ActiveCfg = Release|Any CPU
		{D24F1D4E-D15C-47F7-8020-42E4FB500C90}.Release|Any CPU.Build.0 = Release|Any CPU
		{83E0E9EF-6853-4B41-9774-74E0273E44A1}.Debug|Any CPU.ActiveCfg = Debug|Any CPU
		{83E0E9EF-6853-4B41-9774-74E0273E44A1}.Debug|Any CPU.Build.0 = Debug|Any CPU
		{83E0E9EF-6853-4B41-9774-74E0273E44A1}.Release|Any CPU.ActiveCfg = Release|Any CPU
		{83E0E9EF-6853-4B41-9774-74E0273E44A1}.Release|Any CPU.Build.0 = Release|Any CPU
		{48672CF3-4465-4E4C-82D7-4E8BEC99512C}.Debug|Any CPU.ActiveCfg = Debug|Any CPU
		{48672CF3-4465-4E4C-82D7-4E8BEC99512C}.Debug|Any CPU.Build.0 = Debug|Any CPU
		{48672CF3-4465-4E4C-82D7-4E8BEC99512C}.Release|Any CPU.ActiveCfg = Release|Any CPU
		{48672CF3-4465-4E4C-82D7-4E8BEC99512C}.Release|Any CPU.Build.0 = Release|Any CPU
		{0468B2D8-88BA-44D9-B908-AA38F9E59F91}.Debug|Any CPU.ActiveCfg = Debug|Any CPU
		{0468B2D8-88BA-44D9-B908-AA38F9E59F91}.Debug|Any CPU.Build.0 = Debug|Any CPU
		{0468B2D8-88BA-44D9-B908-AA38F9E59F91}.Release|Any CPU.ActiveCfg = Release|Any CPU
		{0468B2D8-88BA-44D9-B908-AA38F9E59F91}.Release|Any CPU.Build.0 = Release|Any CPU
		{D9BAFA5B-CBC5-417D-A59D-6C8342296282}.Debug|Any CPU.ActiveCfg = Debug|Any CPU
		{D9BAFA5B-CBC5-417D-A59D-6C8342296282}.Debug|Any CPU.Build.0 = Debug|Any CPU
		{D9BAFA5B-CBC5-417D-A59D-6C8342296282}.Release|Any CPU.ActiveCfg = Release|Any CPU
		{D9BAFA5B-CBC5-417D-A59D-6C8342296282}.Release|Any CPU.Build.0 = Release|Any CPU
		{7726B370-5A7E-4D70-BB93-2E4E17BF0732}.Debug|Any CPU.ActiveCfg = Debug|Any CPU
		{7726B370-5A7E-4D70-BB93-2E4E17BF0732}.Debug|Any CPU.Build.0 = Debug|Any CPU
		{7726B370-5A7E-4D70-BB93-2E4E17BF0732}.Release|Any CPU.ActiveCfg = Release|Any CPU
		{7726B370-5A7E-4D70-BB93-2E4E17BF0732}.Release|Any CPU.Build.0 = Release|Any CPU
		{2F24D255-5FD4-4E04-BE72-35CD6E0E1F29}.Debug|Any CPU.ActiveCfg = Debug|Any CPU
		{2F24D255-5FD4-4E04-BE72-35CD6E0E1F29}.Debug|Any CPU.Build.0 = Debug|Any CPU
		{2F24D255-5FD4-4E04-BE72-35CD6E0E1F29}.Release|Any CPU.ActiveCfg = Release|Any CPU
		{2F24D255-5FD4-4E04-BE72-35CD6E0E1F29}.Release|Any CPU.Build.0 = Release|Any CPU
	EndGlobalSection
	GlobalSection(SolutionProperties) = preSolution
		HideSolutionNode = FALSE
	EndGlobalSection
	GlobalSection(NestedProjects) = preSolution
		{E072536D-2846-46A7-B6AB-41481F68AFCB} = {BDD63B0C-41F9-4680-8FAE-1CF7CD78CB8A}
		{D4F6051C-9C27-4D21-96E5-DFA46FE9C4BE} = {E072536D-2846-46A7-B6AB-41481F68AFCB}
		{17DEE5D7-35EB-4B0A-8CB6-4FD7A13ACDD1} = {BDD63B0C-41F9-4680-8FAE-1CF7CD78CB8A}
		{72885235-AD47-4D05-8375-6BBD5CBB6D8C} = {17DEE5D7-35EB-4B0A-8CB6-4FD7A13ACDD1}
		{1282A04D-D0CD-477D-B6FA-1533A88C2590} = {BDD63B0C-41F9-4680-8FAE-1CF7CD78CB8A}
		{E7A03213-7388-48F6-AB9F-6455026B4887} = {1282A04D-D0CD-477D-B6FA-1533A88C2590}
		{C3D4B9D3-6763-4D4B-88E4-E69E82D6829A} = {1282A04D-D0CD-477D-B6FA-1533A88C2590}
		{3A2E91B1-96B2-4068-9BA8-2C6D29E7EF9B} = {BDD63B0C-41F9-4680-8FAE-1CF7CD78CB8A}
		{D24F1D4E-D15C-47F7-8020-42E4FB500C90} = {3A2E91B1-96B2-4068-9BA8-2C6D29E7EF9B}
		{83E0E9EF-6853-4B41-9774-74E0273E44A1} = {3A2E91B1-96B2-4068-9BA8-2C6D29E7EF9B}
		{48672CF3-4465-4E4C-82D7-4E8BEC99512C} = {3A2E91B1-96B2-4068-9BA8-2C6D29E7EF9B}
		{0468B2D8-88BA-44D9-B908-AA38F9E59F91} = {3A2E91B1-96B2-4068-9BA8-2C6D29E7EF9B}
		{D9BAFA5B-CBC5-417D-A59D-6C8342296282} = {3DEE6D95-CDFB-43C6-B9BA-A39EDA1B3E40}
		{7726B370-5A7E-4D70-BB93-2E4E17BF0732} = {4421E42A-B87E-434E-BAEE-A30C622CD2B7}
		{2F24D255-5FD4-4E04-BE72-35CD6E0E1F29} = {4421E42A-B87E-434E-BAEE-A30C622CD2B7}
	EndGlobalSection
	GlobalSection(ExtensibilityGlobals) = postSolution
		SolutionGuid = {0F47C3FF-05D7-4145-8A24-1E4D6B1EA963}
	EndGlobalSection
EndGlobal
